PODS:
  - Device (3.0.3)
  - ZAlertView (1.0.4)

DEPENDENCIES:
  - Device (~> 3.0.3)
  - ZAlertView

SPEC CHECKSUMS:
  Device: 9a5264ee4e0f392e7153d2c46b10c8df46b7aad2
  ZAlertView: 59fffdb4e37a01df461835566d5101052b8af953

PODFILE CHECKSUM: 92836a4296de88a8bf8e71dbbf816d4936a7e7b2

COCOAPODS: 1.4.0
